
Microsoft Visual Studio Solution File, Format Version 12.00
# Visual Studio Version 17
VisualStudioVersion = 17.11.35327.3
MinimumVisualStudioVersion = 10.0.40219.1
Project("{FAE04EC0-301F-11D3-BF4B-00C04F79EFBC}") = "12-EventExample", "12-EventExample\12-EventExample.csproj", "{A7BCACB0-9CC8-4C7B-BB2F-5DA8627D3066}"
EndProject
Project("{FAE04EC0-301F-11D3-BF4B-00C04F79EFBC}") = "Events", "Events\Events.csproj", "{CEC3987E-4240-48B4-9E2A-537BE3B74AF2}"
EndProject
Global
	GlobalSection(SolutionConfigurationPlatforms) = preSolution
		Debug|Any CPU = Debug|Any CPU
		Release|Any CPU = Release|Any CPU
	EndGlobalSection
	GlobalSection(ProjectConfigurationPlatforms) = postSolution
		{A7BCACB0-9CC8-4C7B-BB2F-5DA8627D3066}.Debug|Any CPU.ActiveCfg = Debug|Any CPU
		{A7BCACB0-9CC8-4C7B-BB2F-5DA8627D3066}.Debug|Any CPU.Build.0 = Debug|Any CPU
		{A7BCACB0-9CC8-4C7B-BB2F-5DA8627D3066}.Release|Any CPU.ActiveCfg = Release|Any CPU
		{A7BCACB0-9CC8-4C7B-BB2F-5DA8627D3066}.Release|Any CPU.Build.0 = Release|Any CPU
		{CEC3987E-4240-48B4-9E2A-537BE3B74AF2}.Debug|Any CPU.ActiveCfg = Debug|Any CPU
		{CEC3987E-4240-48B4-9E2A-537BE3B74AF2}.Debug|Any CPU.Build.0 = Debug|Any CPU
		{CEC3987E-4240-48B4-9E2A-537BE3B74AF2}.Release|Any CPU.ActiveCfg = Release|Any CPU
		{CEC3987E-4240-48B4-9E2A-537BE3B74AF2}.Release|Any CPU.Build.0 = Release|Any CPU
	EndGlobalSection
	GlobalSection(SolutionProperties) = preSolution
		HideSolutionNode = FALSE
	EndGlobalSection
	GlobalSection(ExtensibilityGlobals) = postSolution
		SolutionGuid = {6EF6A62F-315C-4352-9489-8A9BA0573AA0}
	EndGlobalSection
EndGlobal
